// !$*UTF8*$!
{
	archiveVersion = 1;
	classes = {
	};
	objectVersion = 46;
	objects = {

/* Begin PBXBuildFile section */
		6119F2A11D2092CA00F86D5B /* AppDelegate.swift in Sources */ = {isa = PBXBuildFile; fileRef = 6119F2A01D2092CA00F86D5B /* AppDelegate.swift */; };
		6119F2A31D2092CA00F86D5B /* EventsViewController.swift in Sources */ = {isa = PBXBuildFile; fileRef = 6119F2A21D2092CA00F86D5B /* EventsViewController.swift */; };
		6119F2A51D2092CA00F86D5B /* EventViewController.swift in Sources */ = {isa = PBXBuildFile; fileRef = 6119F2A41D2092CA00F86D5B /* EventViewController.swift */; };
		6119F2A81D2092CA00F86D5B /* Main.storyboard in Resources */ = {isa = PBXBuildFile; fileRef = 6119F2A61D2092CA00F86D5B /* Main.storyboard */; };
		6119F2AD1D2092CA00F86D5B /* LaunchScreen.storyboard in Resources */ = {isa = PBXBuildFile; fileRef = 6119F2AB1D2092CA00F86D5B /* LaunchScreen.storyboard */; };
		6119F2B51D20972100F86D5B /* Event.swift in Sources */ = {isa = PBXBuildFile; fileRef = 6119F2B41D20972100F86D5B /* Event.swift */; };
		6119F2B71D2099CC00F86D5B /* LoginViewController.swift in Sources */ = {isa = PBXBuildFile; fileRef = 6119F2B61D2099CC00F86D5B /* LoginViewController.swift */; };
		6154C3721D7FAD0F00202B52 /* GoogleService-Info.plist in Resources */ = {isa = PBXBuildFile; fileRef = 6154C3711D7FAD0F00202B52 /* GoogleService-Info.plist */; };
		615B1C721D25E17A00755478 /* Utils.swift in Sources */ = {isa = PBXBuildFile; fileRef = 615B1C711D25E17A00755478 /* Utils.swift */; };
		615B1C781D2B152200755478 /* Assets.xcassets in Resources */ = {isa = PBXBuildFile; fileRef = 615B1C771D2B152200755478 /* Assets.xcassets */; };
		615B1C7A1D2B18D200755478 /* DismissSegue.swift in Sources */ = {isa = PBXBuildFile; fileRef = 615B1C791D2B18D200755478 /* DismissSegue.swift */; };
		615B1C801D2B197300755478 /* ProfileViewController.swift in Sources */ = {isa = PBXBuildFile; fileRef = 615B1C7F1D2B197300755478 /* ProfileViewController.swift */; };
		615B1C881D2B209100755478 /* ProfileTableViewController.swift in Sources */ = {isa = PBXBuildFile; fileRef = 615B1C871D2B209100755478 /* ProfileTableViewController.swift */; };
		617DDFF31D21E2B2007B8DEA /* EventTableViewCell.swift in Sources */ = {isa = PBXBuildFile; fileRef = 617DDFF21D21E2B2007B8DEA /* EventTableViewCell.swift */; };
		61F736BC1D403ECF007A425E /* PushNotificationViewController.swift in Sources */ = {isa = PBXBuildFile; fileRef = 61F736BB1D403ECF007A425E /* PushNotificationViewController.swift */; };
		DA6E333A9502DAA3A46EF148 /* Pods.framework in Frameworks */ = {isa = PBXBuildFile; fileRef = 09831F4996A345C19D306290 /* Pods.framework */; };
/* End PBXBuildFile section */

/* Begin PBXFileReference section */
		09831F4996A345C19D306290 /* Pods.framework */ = {isa = PBXFileReference; explicitFileType = wrapper.framework; includeInIndex = 0; path = Pods.framework; sourceTree = BUILT_PRODUCTS_DIR; };
		1C583CB80BEEA98BBB4EBAC8 /* Pods.release.xcconfig */ = {isa = PBXFileReference; includeInIndex = 1; lastKnownFileType = text.xcconfig; name = Pods.release.xcconfig; path = "Pods/Target Support Files/Pods/Pods.release.xcconfig"; sourceTree = "<group>"; };
		6119F29D1D2092CA00F86D5B /* Implant Compare.app */ = {isa = PBXFileReference; explicitFileType = wrapper.application; includeInIndex = 0; path = "Implant Compare.app"; sourceTree = BUILT_PRODUCTS_DIR; };
		6119F2A01D2092CA00F86D5B /* AppDelegate.swift */ = {isa = PBXFileReference; lastKnownFileType = sourcecode.swift; path = AppDelegate.swift; sourceTree = "<group>"; };
		6119F2A21D2092CA00F86D5B /* EventsViewController.swift */ = {isa = PBXFileReference; lastKnownFileType = sourcecode.swift; path = EventsViewController.swift; sourceTree = "<group>"; };
		6119F2A41D2092CA00F86D5B /* EventViewController.swift */ = {isa = PBXFileReference; lastKnownFileType = sourcecode.swift; path = EventViewController.swift; sourceTree = "<group>"; };
		6119F2A71D2092CA00F86D5B /* Base */ = {isa = PBXFileReference; lastKnownFileType = file.storyboard; name = Base; path = Base.lproj/Main.storyboard; sourceTree = "<group>"; };
		6119F2AC1D2092CA00F86D5B /* Base */ = {isa = PBXFileReference; lastKnownFileType = file.storyboard; name = Base; path = Base.lproj/LaunchScreen.storyboard; sourceTree = "<group>"; };
		6119F2AE1D2092CA00F86D5B /* Info.plist */ = {isa = PBXFileReference; lastKnownFileType = text.plist.xml; path = Info.plist; sourceTree = "<group>"; };
		6119F2B41D20972100F86D5B /* Event.swift */ = {isa = PBXFileReference; fileEncoding = 4; lastKnownFileType = sourcecode.swift; path = Event.swift; sourceTree = "<group>"; };
		6119F2B61D2099CC00F86D5B /* LoginViewController.swift */ = {isa = PBXFileReference; fileEncoding = 4; lastKnownFileType = sourcecode.swift; path = LoginViewController.swift; sourceTree = "<group>"; };
		6154C3711D7FAD0F00202B52 /* GoogleService-Info.plist */ = {isa = PBXFileReference; fileEncoding = 4; lastKnownFileType = text.plist.xml; path = "GoogleService-Info.plist"; sourceTree = "<group>"; };
		615B1C711D25E17A00755478 /* Utils.swift */ = {isa = PBXFileReference; fileEncoding = 4; lastKnownFileType = sourcecode.swift; path = Utils.swift; sourceTree = "<group>"; };
		615B1C771D2B152200755478 /* Assets.xcassets */ = {isa = PBXFileReference; lastKnownFileType = folder.assetcatalog; path = Assets.xcassets; sourceTree = "<group>"; };
		615B1C791D2B18D200755478 /* DismissSegue.swift */ = {isa = PBXFileReference; fileEncoding = 4; lastKnownFileType = sourcecode.swift; path = DismissSegue.swift; sourceTree = "<group>"; };
		615B1C7F1D2B197300755478 /* ProfileViewController.swift */ = {isa = PBXFileReference; fileEncoding = 4; lastKnownFileType = sourcecode.swift; path = ProfileViewController.swift; sourceTree = "<group>"; };
		615B1C871D2B209100755478 /* ProfileTableViewController.swift */ = {isa = PBXFileReference; fileEncoding = 4; lastKnownFileType = sourcecode.swift; path = ProfileTableViewController.swift; sourceTree = "<group>"; };
		617DDFF21D21E2B2007B8DEA /* EventTableViewCell.swift */ = {isa = PBXFileReference; fileEncoding = 4; lastKnownFileType = sourcecode.swift; name = EventTableViewCell.swift; path = ../EventTableViewCell.swift; sourceTree = "<group>"; };
		61F736BB1D403ECF007A425E /* PushNotificationViewController.swift */ = {isa = PBXFileReference; fileEncoding = 4; lastKnownFileType = sourcecode.swift; path = PushNotificationViewController.swift; sourceTree = "<group>"; };
		61F736BE1D4042E4007A425E /* ImplantCompare-Bridging-Header.h */ = {isa = PBXFileReference; fileEncoding = 4; lastKnownFileType = sourcecode.c.h; path = "ImplantCompare-Bridging-Header.h"; sourceTree = "<group>"; };
		F2391EA75DE808FBC8F29748 /* Pods.debug.xcconfig */ = {isa = PBXFileReference; includeInIndex = 1; lastKnownFileType = text.xcconfig; name = Pods.debug.xcconfig; path = "Pods/Target Support Files/Pods/Pods.debug.xcconfig"; sourceTree = "<group>"; };
/* End PBXFileReference section */

/* Begin PBXFrameworksBuildPhase section */
		6119F29A1D2092CA00F86D5B /* Frameworks */ = {
			isa = PBXFrameworksBuildPhase;
			buildActionMask = 2147483647;
			files = (
				DA6E333A9502DAA3A46EF148 /* Pods.framework in Frameworks */,
			);
			runOnlyForDeploymentPostprocessing = 0;
		};
/* End PBXFrameworksBuildPhase section */

/* Begin PBXGroup section */
		29574F83E83F87FBBDDF727B /* Frameworks */ = {
			isa = PBXGroup;
			children = (
				09831F4996A345C19D306290 /* Pods.framework */,
			);
			name = Frameworks;
			sourceTree = "<group>";
		};
		6119F2941D2092C900F86D5B = {
			isa = PBXGroup;
			children = (
				6119F29F1D2092CA00F86D5B /* implantcompare */,
				6119F29E1D2092CA00F86D5B /* Products */,
				75A5F47C86070D281586E8E0 /* Pods */,
				29574F83E83F87FBBDDF727B /* Frameworks */,
			);
			sourceTree = "<group>";
		};
		6119F29E1D2092CA00F86D5B /* Products */ = {
			isa = PBXGroup;
			children = (
				6119F29D1D2092CA00F86D5B /* Implant Compare.app */,
			);
			name = Products;
			sourceTree = "<group>";
		};
		6119F29F1D2092CA00F86D5B /* implantcompare */ = {
			isa = PBXGroup;
			children = (
				6119F2A01D2092CA00F86D5B /* AppDelegate.swift */,
				6119F2A21D2092CA00F86D5B /* EventsViewController.swift */,
				6119F2A41D2092CA00F86D5B /* EventViewController.swift */,
				617DDFF21D21E2B2007B8DEA /* EventTableViewCell.swift */,
				6119F2B61D2099CC00F86D5B /* LoginViewController.swift */,
				615B1C7F1D2B197300755478 /* ProfileViewController.swift */,
				615B1C871D2B209100755478 /* ProfileTableViewController.swift */,
				61F736BB1D403ECF007A425E /* PushNotificationViewController.swift */,
				6119F2B41D20972100F86D5B /* Event.swift */,
				615B1C711D25E17A00755478 /* Utils.swift */,
				615B1C791D2B18D200755478 /* DismissSegue.swift */,
				615B1C771D2B152200755478 /* Assets.xcassets */,
				6119F2A61D2092CA00F86D5B /* Main.storyboard */,
				6119F2AB1D2092CA00F86D5B /* LaunchScreen.storyboard */,
				6119F2AE1D2092CA00F86D5B /* Info.plist */,
				61F736BE1D4042E4007A425E /* ImplantCompare-Bridging-Header.h */,
				6154C3711D7FAD0F00202B52 /* GoogleService-Info.plist */,
			);
			path = implantcompare;
			sourceTree = "<group>";
		};
		75A5F47C86070D281586E8E0 /* Pods */ = {
			isa = PBXGroup;
			children = (
				F2391EA75DE808FBC8F29748 /* Pods.debug.xcconfig */,
				1C583CB80BEEA98BBB4EBAC8 /* Pods.release.xcconfig */,
			);
			name = Pods;
			sourceTree = "<group>";
		};
/* End PBXGroup section */

/* Begin PBXNativeTarget section */
		6119F29C1D2092CA00F86D5B /* implantcompare */ = {
			isa = PBXNativeTarget;
			buildConfigurationList = 6119F2B11D2092CA00F86D5B /* Build configuration list for PBXNativeTarget "implantcompare" */;
			buildPhases = (
				1B645C7AFF9EC52014CF913A /* Check Pods Manifest.lock */,
				6119F2991D2092CA00F86D5B /* Sources */,
				6119F29A1D2092CA00F86D5B /* Frameworks */,
				6119F29B1D2092CA00F86D5B /* Resources */,
				F79B50A86ED809AEA97D9249 /* Embed Pods Frameworks */,
				0D1AFF2C47DC40A2096010A7 /* Copy Pods Resources */,
			);
			buildRules = (
			);
			dependencies = (
			);
			name = implantcompare;
			productName = implantcompare;
			productReference = 6119F29D1D2092CA00F86D5B /* Implant Compare.app */;
			productType = "com.apple.product-type.application";
		};
/* End PBXNativeTarget section */

/* Begin PBXProject section */
		6119F2951D2092C900F86D5B /* Project object */ = {
			isa = PBXProject;
			attributes = {
				LastSwiftUpdateCheck = 0730;
				LastUpgradeCheck = 0730;
				ORGANIZATIONNAME = ImplantCompare;
				TargetAttributes = {
					6119F29C1D2092CA00F86D5B = {
						CreatedOnToolsVersion = 7.3.1;
						DevelopmentTeam = 7CVW54CQZG;
					};
				};
			};
			buildConfigurationList = 6119F2981D2092C900F86D5B /* Build configuration list for PBXProject "implantcompare" */;
			compatibilityVersion = "Xcode 3.2";
			developmentRegion = English;
			hasScannedForEncodings = 0;
			knownRegions = (
				en,
				Base,
			);
			mainGroup = 6119F2941D2092C900F86D5B;
			productRefGroup = 6119F29E1D2092CA00F86D5B /* Products */;
			projectDirPath = "";
			projectRoot = "";
			targets = (
				6119F29C1D2092CA00F86D5B /* implantcompare */,
			);
		};
/* End PBXProject section */

/* Begin PBXResourcesBuildPhase section */
		6119F29B1D2092CA00F86D5B /* Resources */ = {
			isa = PBXResourcesBuildPhase;
			buildActionMask = 2147483647;
			files = (
				6119F2AD1D2092CA00F86D5B /* LaunchScreen.storyboard in Resources */,
				6154C3721D7FAD0F00202B52 /* GoogleService-Info.plist in Resources */,
				615B1C781D2B152200755478 /* Assets.xcassets in Resources */,
				6119F2A81D2092CA00F86D5B /* Main.storyboard in Resources */,
			);
			runOnlyForDeploymentPostprocessing = 0;
		};
/* End PBXResourcesBuildPhase section */

/* Begin PBXShellScriptBuildPhase section */
		0D1AFF2C47DC40A2096010A7 /* Copy Pods Resources */ = {
			isa = PBXShellScriptBuildPhase;
			buildActionMask = 2147483647;
			files = (
			);
			inputPaths = (
			);
			name = "Copy Pods Resources";
			outputPaths = (
			);
			runOnlyForDeploymentPostprocessing = 0;
			shellPath = /bin/sh;
			shellScript = "\"${SRCROOT}/Pods/Target Support Files/Pods/Pods-resources.sh\"\n";
			showEnvVarsInLog = 0;
		};
		1B645C7AFF9EC52014CF913A /* Check Pods Manifest.lock */ = {
			isa = PBXShellScriptBuildPhase;
			buildActionMask = 2147483647;
			files = (
			);
			inputPaths = (
			);
			name = "Check Pods Manifest.lock";
			outputPaths = (
			);
			runOnlyForDeploymentPostprocessing = 0;
			shellPath = /bin/sh;
			shellScript = "diff \"${PODS_ROOT}/../Podfile.lock\" \"${PODS_ROOT}/Manifest.lock\" > /dev/null\nif [[ $? != 0 ]] ; then\n    cat << EOM\nerror: The sandbox is not in sync with the Podfile.lock. Run 'pod install' or update your CocoaPods installation.\nEOM\n    exit 1\nfi\n";
			showEnvVarsInLog = 0;
		};
		F79B50A86ED809AEA97D9249 /* Embed Pods Frameworks */ = {
			isa = PBXShellScriptBuildPhase;
			buildActionMask = 2147483647;
			files = (
			);
			inputPaths = (
			);
			name = "Embed Pods Frameworks";
			outputPaths = (
			);
			runOnlyForDeploymentPostprocessing = 0;
			shellPath = /bin/sh;
			shellScript = "\"${SRCROOT}/Pods/Target Support Files/Pods/Pods-frameworks.sh\"\n";
			showEnvVarsInLog = 0;
		};
/* End PBXShellScriptBuildPhase section */

/* Begin PBXSourcesBuildPhase section */
		6119F2991D2092CA00F86D5B /* Sources */ = {
			isa = PBXSourcesBuildPhase;
			buildActionMask = 2147483647;
			files = (
				617DDFF31D21E2B2007B8DEA /* EventTableViewCell.swift in Sources */,
				6119F2B51D20972100F86D5B /* Event.swift in Sources */,
				615B1C7A1D2B18D200755478 /* DismissSegue.swift in Sources */,
				6119F2A51D2092CA00F86D5B /* EventViewController.swift in Sources */,
				615B1C721D25E17A00755478 /* Utils.swift in Sources */,
				6119F2A31D2092CA00F86D5B /* EventsViewController.swift in Sources */,
				615B1C881D2B209100755478 /* ProfileTableViewController.swift in Sources */,
				615B1C801D2B197300755478 /* ProfileViewController.swift in Sources */,
				6119F2B71D2099CC00F86D5B /* LoginViewController.swift in Sources */,
				61F736BC1D403ECF007A425E /* PushNotificationViewController.swift in Sources */,
				6119F2A11D2092CA00F86D5B /* AppDelegate.swift in Sources */,
			);
			runOnlyForDeploymentPostprocessing = 0;
		};
/* End PBXSourcesBuildPhase section */

/* Begin PBXVariantGroup section */
		6119F2A61D2092CA00F86D5B /* Main.storyboard */ = {
			isa = PBXVariantGroup;
			children = (
				6119F2A71D2092CA00F86D5B /* Base */,
			);
			name = Main.storyboard;
			sourceTree = "<group>";
		};
		6119F2AB1D2092CA00F86D5B /* LaunchScreen.storyboard */ = {
			isa = PBXVariantGroup;
			children = (
				6119F2AC1D2092CA00F86D5B /* Base */,
			);
			name = LaunchScreen.storyboard;
			sourceTree = "<group>";
		};
/* End PBXVariantGroup section */

/* Begin XCBuildConfiguration section */
		6119F2AF1D2092CA00F86D5B /* Debug */ = {
			isa = XCBuildConfiguration;
			buildSettings = {
				ALWAYS_SEARCH_USER_PATHS = NO;
				CLANG_ANALYZER_NONNULL = YES;
				CLANG_CXX_LANGUAGE_STANDARD = "gnu++0x";
				CLANG_CXX_LIBRARY = "libc++";
				CLANG_ENABLE_MODULES = YES;
				CLANG_ENABLE_OBJC_ARC = YES;
				CLANG_WARN_BOOL_CONVERSION = YES;
				CLANG_WARN_CONSTANT_CONVERSION = YES;
				CLANG_WARN_DIRECT_OBJC_ISA_USAGE = YES_ERROR;
				CLANG_WARN_EMPTY_BODY = YES;
				CLANG_WARN_ENUM_CONVERSION = YES;
				CLANG_WARN_INT_CONVERSION = YES;
				CLANG_WARN_OBJC_ROOT_CLASS = YES_ERROR;
				CLANG_WARN_UNREACHABLE_CODE = YES;
				CLANG_WARN__DUPLICATE_METHOD_MATCH = YES;
				"CODE_SIGN_IDENTITY[sdk=iphoneos*]" = "iPhone Developer";
				COPY_PHASE_STRIP = NO;
				DEBUG_INFORMATION_FORMAT = dwarf;
				ENABLE_STRICT_OBJC_MSGSEND = YES;
				ENABLE_TESTABILITY = YES;
				GCC_C_LANGUAGE_STANDARD = gnu99;
				GCC_DYNAMIC_NO_PIC = NO;
				GCC_NO_COMMON_BLOCKS = YES;
				GCC_OPTIMIZATION_LEVEL = 0;
				GCC_PREPROCESSOR_DEFINITIONS = (
					"DEBUG=1",
					"$(inherited)",
				);
				GCC_WARN_64_TO_32_BIT_CONVERSION = YES;
				GCC_WARN_ABOUT_RETURN_TYPE = YES_ERROR;
				GCC_WARN_UNDECLARED_SELECTOR = YES;
				GCC_WARN_UNINITIALIZED_AUTOS = YES_AGGRESSIVE;
				GCC_WARN_UNUSED_FUNCTION = YES;
				GCC_WARN_UNUSED_VARIABLE = YES;
				IPHONEOS_DEPLOYMENT_TARGET = 9.3;
				MTL_ENABLE_DEBUG_INFO = YES;
				ONLY_ACTIVE_ARCH = YES;
				SDKROOT = iphoneos;
				SWIFT_OPTIMIZATION_LEVEL = "-Onone";
			};
			name = Debug;
		};
		6119F2B01D2092CA00F86D5B /* Release */ = {
			isa = XCBuildConfiguration;
			buildSettings = {
				ALWAYS_SEARCH_USER_PATHS = NO;
				CLANG_ANALYZER_NONNULL = YES;
				CLANG_CXX_LANGUAGE_STANDARD = "gnu++0x";
				CLANG_CXX_LIBRARY = "libc++";
				CLANG_ENABLE_MODULES = YES;
				CLANG_ENABLE_OBJC_ARC = YES;
				CLANG_WARN_BOOL_CONVERSION = YES;
				CLANG_WARN_CONSTANT_CONVERSION = YES;
				CLANG_WARN_DIRECT_OBJC_ISA_USAGE = YES_ERROR;
				CLANG_WARN_EMPTY_BODY = YES;
				CLANG_WARN_ENUM_CONVERSION = YES;
				CLANG_WARN_INT_CONVERSION = YES;
				CLANG_WARN_OBJC_ROOT_CLASS = YES_ERROR;
				CLANG_WARN_UNREACHABLE_CODE = YES;
				CLANG_WARN__DUPLICATE_METHOD_MATCH = YES;
				"CODE_SIGN_IDENTITY[sdk=iphoneos*]" = "iPhone Developer";
				COPY_PHASE_STRIP = NO;
				DEBUG_INFORMATION_FORMAT = "dwarf-with-dsym";
				ENABLE_NS_ASSERTIONS = NO;
				ENABLE_STRICT_OBJC_MSGSEND = YES;
				GCC_C_LANGUAGE_STANDARD = gnu99;
				GCC_NO_COMMON_BLOCKS = YES;
				GCC_WARN_64_TO_32_BIT_CONVERSION = YES;
				GCC_WARN_ABOUT_RETURN_TYPE = YES_ERROR;
				GCC_WARN_UNDECLARED_SELECTOR = YES;
				GCC_WARN_UNINITIALIZED_AUTOS = YES_AGGRESSIVE;
				GCC_WARN_UNUSED_FUNCTION = YES;
				GCC_WARN_UNUSED_VARIABLE = YES;
				IPHONEOS_DEPLOYMENT_TARGET = 9.3;
				MTL_ENABLE_DEBUG_INFO = NO;
				SDKROOT = iphoneos;
				VALIDATE_PRODUCT = YES;
			};
			name = Release;
		};
		6119F2B21D2092CA00F86D5B /* Debug */ = {
			isa = XCBuildConfiguration;
			baseConfigurationReference = F2391EA75DE808FBC8F29748 /* Pods.debug.xcconfig */;
			buildSettings = {
				ASSETCATALOG_COMPILER_APPICON_NAME = AppIcon;
				CODE_SIGN_IDENTITY = "iPhone Developer";
				"CODE_SIGN_IDENTITY[sdk=iphoneos*]" = "iPhone Developer";
				INFOPLIST_FILE = implantcompare/Info.plist;
				LD_RUNPATH_SEARCH_PATHS = "$(inherited) @executable_path/Frameworks";
				PRODUCT_BUNDLE_IDENTIFIER = com.implantcompare.implantcompare;
				PRODUCT_NAME = "Implant Compare";
				PROVISIONING_PROFILE = "";
				SWIFT_OBJC_BRIDGING_HEADER = "implantcompare/ImplantCompare-Bridging-Header.h";
				TARGETED_DEVICE_FAMILY = 1;
			};
			name = Debug;
		};
		6119F2B31D2092CA00F86D5B /* Release */ = {
			isa = XCBuildConfiguration;
			baseConfigurationReference = 1C583CB80BEEA98BBB4EBAC8 /* Pods.release.xcconfig */;
			buildSettings = {
				ASSETCATALOG_COMPILER_APPICON_NAME = AppIcon;
				CODE_SIGN_IDENTITY = "iPhone Developer";
				"CODE_SIGN_IDENTITY[sdk=iphoneos*]" = "iPhone Developer";
				INFOPLIST_FILE = implantcompare/Info.plist;
				LD_RUNPATH_SEARCH_PATHS = "$(inherited) @executable_path/Frameworks";
				PRODUCT_BUNDLE_IDENTIFIER = com.implantcompare.implantcompare;
				PRODUCT_NAME = "Implant Compare";
				PROVISIONING_PROFILE = "";
				SWIFT_OBJC_BRIDGING_HEADER = "implantcompare/ImplantCompare-Bridging-Header.h";
				TARGETED_DEVICE_FAMILY = 1;
			};
			name = Release;
		};
/* End XCBuildConfiguration section */

/* Begin XCConfigurationList section */
		6119F2981D2092C900F86D5B /* Build configuration list for PBXProject "implantcompare" */ = {
			isa = XCConfigurationList;
			buildConfigurations = (
				6119F2AF1D2092CA00F86D5B /* Debug */,
				6119F2B01D2092CA00F86D5B /* Release */,
			);
			defaultConfigurationIsVisible = 0;
			defaultConfigurationName = Release;
		};
		6119F2B11D2092CA00F86D5B /* Build configuration list for PBXNativeTarget "implantcompare" */ = {
			isa = XCConfigurationList;
			buildConfigurations = (
				6119F2B21D2092CA00F86D5B /* Debug */,
				6119F2B31D2092CA00F86D5B /* Release */,
			);
			defaultConfigurationIsVisible = 0;
			defaultConfigurationName = Release;
		};
/* End XCConfigurationList section */
	};
	rootObject = 6119F2951D2092C900F86D5B /* Project object */;
}
